
Microsoft Visual Studio Solution File, Format Version 12.00
Project("{FAE04EC0-301F-11D3-BF4B-00C04F79EFBC}") = "CountingDuplicates", "CountingDuplicates\CountingDuplicates.csproj", "{8FD3E087-C785-4294-B7CE-11FB7C008AB9}"
EndProject
Project("{FAE04EC0-301F-11D3-BF4B-00C04F79EFBC}") = "CountingDuplicatesTest", "CountingDuplicatesTest\CountingDuplicatesTest.csproj", "{0BE9F327-39A4-4F1F-AC2D-ED25F329021A}"
EndProject
Global
	GlobalSection(SolutionConfigurationPlatforms) = preSolution
		Debug|Any CPU = Debug|Any CPU
		Release|Any CPU = Release|Any CPU
	EndGlobalSection
	GlobalSection(ProjectConfigurationPlatforms) = postSolution
		{8FD3E087-C785-4294-B7CE-11FB7C008AB9}.Debug|Any CPU.ActiveCfg = Debug|Any CPU
		{8FD3E087-C785-4294-B7CE-11FB7C008AB9}.Debug|Any CPU.Build.0 = Debug|Any CPU
		{8FD3E087-C785-4294-B7CE-11FB7C008AB9}.Release|Any CPU.ActiveCfg = Release|Any CPU
		{8FD3E087-C785-4294-B7CE-11FB7C008AB9}.Release|Any CPU.Build.0 = Release|Any CPU
		{0BE9F327-39A4-4F1F-AC2D-ED25F329021A}.Debug|Any CPU.ActiveCfg = Debug|Any CPU
		{0BE9F327-39A4-4F1F-AC2D-ED25F329021A}.Debug|Any CPU.Build.0 = Debug|Any CPU
		{0BE9F327-39A4-4F1F-AC2D-ED25F329021A}.Release|Any CPU.ActiveCfg = Release|Any CPU
		{0BE9F327-39A4-4F1F-AC2D-ED25F329021A}.Release|Any CPU.Build.0 = Release|Any CPU
	EndGlobalSection
EndGlobal
