
Microsoft Visual Studio Solution File, Format Version 12.00
Project("{FAE04EC0-301F-11D3-BF4B-00C04F79EFBC}") = "ListFiltering", "ListFiltering\ListFiltering.csproj", "{BEBA1E0F-6AE4-4C87-87E8-5B53E4DF1D9B}"
EndProject
Project("{FAE04EC0-301F-11D3-BF4B-00C04F79EFBC}") = "ListFiltererTest", "ListFiltererTest\ListFiltererTest.csproj", "{09D440DD-1DDF-4371-BFD1-0C1064C10795}"
EndProject
Global
	GlobalSection(SolutionConfigurationPlatforms) = preSolution
		Debug|Any CPU = Debug|Any CPU
		Release|Any CPU = Release|Any CPU
	EndGlobalSection
	GlobalSection(ProjectConfigurationPlatforms) = postSolution
		{BEBA1E0F-6AE4-4C87-87E8-5B53E4DF1D9B}.Debug|Any CPU.ActiveCfg = Debug|Any CPU
		{BEBA1E0F-6AE4-4C87-87E8-5B53E4DF1D9B}.Debug|Any CPU.Build.0 = Debug|Any CPU
		{BEBA1E0F-6AE4-4C87-87E8-5B53E4DF1D9B}.Release|Any CPU.ActiveCfg = Release|Any CPU
		{BEBA1E0F-6AE4-4C87-87E8-5B53E4DF1D9B}.Release|Any CPU.Build.0 = Release|Any CPU
		{09D440DD-1DDF-4371-BFD1-0C1064C10795}.Debug|Any CPU.ActiveCfg = Debug|Any CPU
		{09D440DD-1DDF-4371-BFD1-0C1064C10795}.Debug|Any CPU.Build.0 = Debug|Any CPU
		{09D440DD-1DDF-4371-BFD1-0C1064C10795}.Release|Any CPU.ActiveCfg = Release|Any CPU
		{09D440DD-1DDF-4371-BFD1-0C1064C10795}.Release|Any CPU.Build.0 = Release|Any CPU
	EndGlobalSection
EndGlobal
