
Microsoft Visual Studio Solution File, Format Version 12.00
Project("{FAE04EC0-301F-11D3-BF4B-00C04F79EFBC}") = "SplitString", "SplitString\SplitString.csproj", "{6430DA9C-5584-4E76-BE15-ECC651D248E7}"
EndProject
Project("{FAE04EC0-301F-11D3-BF4B-00C04F79EFBC}") = "SplitStringTest", "SplitStringTest\SplitStringTest.csproj", "{7016026D-E0FA-4A90-BD59-30C4D694DDB2}"
EndProject
Global
	GlobalSection(SolutionConfigurationPlatforms) = preSolution
		Debug|Any CPU = Debug|Any CPU
		Release|Any CPU = Release|Any CPU
	EndGlobalSection
	GlobalSection(ProjectConfigurationPlatforms) = postSolution
		{6430DA9C-5584-4E76-BE15-ECC651D248E7}.Debug|Any CPU.ActiveCfg = Debug|Any CPU
		{6430DA9C-5584-4E76-BE15-ECC651D248E7}.Debug|Any CPU.Build.0 = Debug|Any CPU
		{6430DA9C-5584-4E76-BE15-ECC651D248E7}.Release|Any CPU.ActiveCfg = Release|Any CPU
		{6430DA9C-5584-4E76-BE15-ECC651D248E7}.Release|Any CPU.Build.0 = Release|Any CPU
		{7016026D-E0FA-4A90-BD59-30C4D694DDB2}.Debug|Any CPU.ActiveCfg = Debug|Any CPU
		{7016026D-E0FA-4A90-BD59-30C4D694DDB2}.Debug|Any CPU.Build.0 = Debug|Any CPU
		{7016026D-E0FA-4A90-BD59-30C4D694DDB2}.Release|Any CPU.ActiveCfg = Release|Any CPU
		{7016026D-E0FA-4A90-BD59-30C4D694DDB2}.Release|Any CPU.Build.0 = Release|Any CPU
	EndGlobalSection
EndGlobal
